[[package]]
name = "atomicwrites"
version = "1.4.0"
description = "Atomic file writes."
category = "dev"
optional = false
python-versions = ">=2.7, !=3.0.*, !=3.1.*, !=3.2.*, !=3.3.*"

[[package]]
name = "attrs"
version = "21.4.0"
description = "Classes Without Boilerplate"
category = "dev"
optional = false
python-versions = ">=2.7, !=3.0.*, !=3.1.*, !=3.2.*, !=3.3.*, !=3.4.*"

[package.extras]
dev = ["coverage[toml] (>=5.0.2)", "hypothesis", "pympler", "pytest (>=4.3.0)", "six", "mypy", "pytest-mypy-plugins", "zope.interface", "furo", "sphinx", "sphinx-notfound-page", "pre-commit", "cloudpickle"]
docs = ["furo", "sphinx", "zope.interface", "sphinx-notfound-page"]
tests = ["coverage[toml] (>=5.0.2)", "hypothesis", "pympler", "pytest (>=4.3.0)", "six", "mypy", "pytest-mypy-plugins", "zope.interface", "cloudpickle"]
tests_no_zope = ["coverage[toml] (>=5.0.2)", "hypothesis", "pympler", "pytest (>=4.3.0)", "six", "mypy", "pytest-mypy-plugins", "cloudpickle"]

[[package]]
name = "colorama"
version = "0.4.4"
description = "Cross-platform colored terminal text."
category = "main"
optional = false
python-versions = ">=2.7, !=3.0.*, !=3.1.*, !=3.2.*, !=3.3.*, !=3.4.*"

[[package]]
name = "more-itertools"
version = "8.12.0"
description = "More routines for operating on iterables, beyond itertools"
category = "dev"
optional = false
python-versions = ">=3.5"

[[package]]
name = "packaging"
version = "21.3"
description = "Core utilities for Python packages"
category = "dev"
optional = false
python-versions = ">=3.6"

[package.dependencies]
pyparsing = ">=2.0.2,<3.0.5 || >3.0.5"

[[package]]
name = "pluggy"
version = "0.13.1"
description = "plugin and hook calling mechanisms for python"
category = "dev"
optional = false
python-versions = ">=2.7, !=3.0.*, !=3.1.*, !=3.2.*, !=3.3.*"

[package.extras]
dev = ["pre-commit", "tox"]

[[package]]
name = "py"
version = "1.11.0"
description = "library with cross-python path, ini-parsing, io, code, log facilities"
category = "dev"
optional = false
python-versions = ">=2.7, !=3.0.*, !=3.1.*, !=3.2.*, !=3.3.*, !=3.4.*"

[[package]]
name = "pyparsing"
version = "3.0.7"
description = "Python parsing module"
category = "dev"
optional = false
python-versions = ">=3.6"

[package.extras]
diagrams = ["jinja2", "railroad-diagrams"]

[[package]]
name = "pytest"
version = "5.4.3"
description = "pytest: simple powerful testing with Python"
category = "dev"
optional = false
python-versions = ">=3.5"

[package.dependencies]
atomicwrites = {version = ">=1.0", markers = "sys_platform == \"win32\""}
attrs = ">=17.4.0"
colorama = {version = "*", markers = "sys_platform == \"win32\""}
more-itertools = ">=4.0.0"
packaging = "*"
pluggy = ">=0.12,<1.0"
py = ">=1.5.0"
wcwidth = "*"

[package.extras]
checkqa-mypy = ["mypy (==v0.761)"]
testing = ["argcomplete", "hypothesis (>=3.56)", "mock", "nose", "requests", "xmlschema"]

[[package]]
name = "pytest-mock"
version = "3.7.0"
description = "Thin-wrapper around the mock package for easier use with pytest"
category = "dev"
optional = false
python-versions = ">=3.7"

[package.dependencies]
pytest = ">=5.0"

[package.extras]
dev = ["pre-commit", "tox", "pytest-asyncio"]

[[package]]
name = "watchdog"
version = "2.1.6"
description = "Filesystem events monitoring"
category = "main"
optional = false
python-versions = ">=3.6"

[package.extras]
watchmedo = ["PyYAML (>=3.10)"]

[[package]]
name = "wcwidth"
version = "0.2.5"
description = "Measures the displayed width of unicode strings in a terminal"
category = "dev"
optional = false
python-versions = "*"

[metadata]
lock-version = "1.1"
python-versions = "^3.9"
content-hash = "e48f2cf04959bd20dc95aac2ce11c799f3d3da4d764c1c5d4d8f5cb9c253d91f"

[metadata.files]
atomicwrites = [
    {file = "atomicwrites-1.4.0-py2.py3-none-any.whl", hash = "sha256:6d1784dea7c0c8d4a5172b6c620f40b6e4cbfdf96d783691f2e1302a7b88e197"},
    {file = "atomicwrites-1.4.0.tar.gz", hash = "sha256:ae70396ad1a434f9c7046fd2dd196fc04b12f9e91ffb859164193be8b6168a7a"},
]
attrs = [
    {file = "attrs-21.4.0-py2.py3-none-any.whl", hash = "sha256:2d27e3784d7a565d36ab851fe94887c5eccd6a463168875832a1be79c82828b4"},
    {file = "attrs-21.4.0.tar.gz", hash = "sha256:626ba8234211db98e869df76230a137c4c40a12d72445c45d5f5b716f076e2fd"},
]
colorama = [
    {file = "colorama-0.4.4-py2.py3-none-any.whl", hash = "sha256:9f47eda37229f68eee03b24b9748937c7dc3868f906e8ba69fbcbdd3bc5dc3e2"},
    {file = "colorama-0.4.4.tar.gz", hash = "sha256:5941b2b48a20143d2267e95b1c2a7603ce057ee39fd88e7329b0c292aa16869b"},
]
more-itertools = [
    {file = "more-itertools-8.12.0.tar.gz", hash = "sha256:7dc6ad46f05f545f900dd59e8dfb4e84a4827b97b3cfecb175ea0c7d247f6064"},
    {file = "more_itertools-8.12.0-py3-none-any.whl", hash = "sha256:43e6dd9942dffd72661a2c4ef383ad7da1e6a3e968a927ad7a6083ab410a688b"},
]
packaging = [
    {file = "packaging-21.3-py3-none-any.whl", hash = "sha256:ef103e05f519cdc783ae24ea4e2e0f508a9c99b2d4969652eed6a2e1ea5bd522"},
    {file = "packaging-21.3.tar.gz", hash = "sha256:dd47c42927d89ab911e606518907cc2d3a1f38bbd026385970643f9c5b8ecfeb"},
]
pluggy = [
    {file = "pluggy-0.13.1-py2.py3-none-any.whl", hash = "sha256:966c145cd83c96502c3c3868f50408687b38434af77734af1e9ca461a4081d2d"},
    {file = "pluggy-0.13.1.tar.gz", hash = "sha256:15b2acde666561e1298d71b523007ed7364de07029219b604cf808bfa1c765b0"},
]
py = [
    {file = "py-1.11.0-py2.py3-none-any.whl", hash = "sha256:607c53218732647dff4acdfcd50cb62615cedf612e72d1724fb1a0cc6405b378"},
    {file = "py-1.11.0.tar.gz", hash = "sha256:51c75c4126074b472f746a24399ad32f6053d1b34b68d2fa41e558e6f4a98719"},
]
pyparsing = [
    {file = "pyparsing-3.0.7-py3-none-any.whl", hash = "sha256:a6c06a88f252e6c322f65faf8f418b16213b51bdfaece0524c1c1bc30c63c484"},
    {file = "pyparsing-3.0.7.tar.gz", hash = "sha256:18ee9022775d270c55187733956460083db60b37d0d0fb357445f3094eed3eea"},
]
pytest = [
    {file = "pytest-5.4.3-py3-none-any.whl", hash = "sha256:5c0db86b698e8f170ba4582a492248919255fcd4c79b1ee64ace34301fb589a1"},
    {file = "pytest-5.4.3.tar.gz", hash = "sha256:7979331bfcba207414f5e1263b5a0f8f521d0f457318836a7355531ed1a4c7d8"},
]
pytest-mock = [
    {file = "pytest-mock-3.7.0.tar.gz", hash = "sha256:5112bd92cc9f186ee96e1a92efc84969ea494939c3aead39c50f421c4cc69534"},
    {file = "pytest_mock-3.7.0-py3-none-any.whl", hash = "sha256:6cff27cec936bf81dc5ee87f07132b807bcda51106b5ec4b90a04331cba76231"},
]
watchdog = [
    {file = "watchdog-2.1.6-cp310-cp310-macosx_10_9_universal2.whl", hash = "sha256:9693f35162dc6208d10b10ddf0458cc09ad70c30ba689d9206e02cd836ce28a3"},
    {file = "watchdog-2.1.6-cp310-cp310-macosx_10_9_x86_64.whl", hash = "sha256:aba5c812f8ee8a3ff3be51887ca2d55fb8e268439ed44110d3846e4229eb0e8b"},
    {file = "watchdog-2.1.6-cp310-cp310-macosx_11_0_arm64.whl", hash = "sha256:4ae38bf8ba6f39d5b83f78661273216e7db5b00f08be7592062cb1fc8b8ba542"},
    {file = "watchdog-2.1.6-cp36-cp36m-macosx_10_9_x86_64.whl", hash = "sha256:ad6f1796e37db2223d2a3f302f586f74c72c630b48a9872c1e7ae8e92e0ab669"},
    {file = "watchdog-2.1.6-cp37-cp37m-macosx_10_9_x86_64.whl", hash = "sha256:922a69fa533cb0c793b483becaaa0845f655151e7256ec73630a1b2e9ebcb660"},
    {file = "watchdog-2.1.6-cp38-cp38-macosx_10_9_universal2.whl", hash = "sha256:b2fcf9402fde2672545b139694284dc3b665fd1be660d73eca6805197ef776a3"},
    {file = "watchdog-2.1.6-cp38-cp38-macosx_10_9_x86_64.whl", hash = "sha256:3386b367e950a11b0568062b70cc026c6f645428a698d33d39e013aaeda4cc04"},
    {file = "watchdog-2.1.6-cp38-cp38-macosx_11_0_arm64.whl", hash = "sha256:8f1c00aa35f504197561060ca4c21d3cc079ba29cf6dd2fe61024c70160c990b"},
    {file = "watchdog-2.1.6-cp39-cp39-macosx_10_9_universal2.whl", hash = "sha256:b52b88021b9541a60531142b0a451baca08d28b74a723d0c99b13c8c8d48d604"},
    {file = "watchdog-2.1.6-cp39-cp39-macosx_10_9_x86_64.whl", hash = "sha256:8047da932432aa32c515ec1447ea79ce578d0559362ca3605f8e9568f844e3c6"},
    {file = "watchdog-2.1.6-cp39-cp39-macosx_11_0_arm64.whl", hash = "sha256:e92c2d33858c8f560671b448205a268096e17870dcf60a9bb3ac7bfbafb7f5f9"},
    {file = "watchdog-2.1.6-pp37-pypy37_pp73-macosx_10_9_x86_64.whl", hash = "sha256:b7d336912853d7b77f9b2c24eeed6a5065d0a0cc0d3b6a5a45ad6d1d05fb8cd8"},
    {file = "watchdog-2.1.6-py3-none-manylinux2014_aarch64.whl", hash = "sha256:cca7741c0fcc765568350cb139e92b7f9f3c9a08c4f32591d18ab0a6ac9e71b6"},
    {file = "watchdog-2.1.6-py3-none-manylinux2014_armv7l.whl", hash = "sha256:25fb5240b195d17de949588628fdf93032ebf163524ef08933db0ea1f99bd685"},
    {file = "watchdog-2.1.6-py3-none-manylinux2014_i686.whl", hash = "sha256:be9be735f827820a06340dff2ddea1fb7234561fa5e6300a62fe7f54d40546a0"},
    {file = "watchdog-2.1.6-py3-none-manylinux2014_ppc64.whl", hash = "sha256:d0d19fb2441947b58fbf91336638c2b9f4cc98e05e1045404d7a4cb7cddc7a65"},
    {file = "watchdog-2.1.6-py3-none-manylinux2014_ppc64le.whl", hash = "sha256:3becdb380d8916c873ad512f1701f8a92ce79ec6978ffde92919fd18d41da7fb"},
    {file = "watchdog-2.1.6-py3-none-manylinux2014_s390x.whl", hash = "sha256:ae67501c95606072aafa865b6ed47343ac6484472a2f95490ba151f6347acfc2"},
    {file = "watchdog-2.1.6-py3-none-manylinux2014_x86_64.whl", hash = "sha256:e0f30db709c939cabf64a6dc5babb276e6d823fd84464ab916f9b9ba5623ca15"},
    {file = "watchdog-2.1.6-py3-none-win32.whl", hash = "sha256:e02794ac791662a5eafc6ffeaf9bcc149035a0e48eb0a9d40a8feb4622605a3d"},
    {file = "watchdog-2.1.6-py3-none-win_amd64.whl", hash = "sha256:bd9ba4f332cf57b2c1f698be0728c020399ef3040577cde2939f2e045b39c1e5"},
    {file = "watchdog-2.1.6-py3-none-win_ia64.whl", hash = "sha256:a0f1c7edf116a12f7245be06120b1852275f9506a7d90227648b250755a03923"},
    {file = "watchdog-2.1.6.tar.gz", hash = "sha256:a36e75df6c767cbf46f61a91c70b3ba71811dfa0aca4a324d9407a06a8b7a2e7"},
]
wcwidth = [
    {file = "wcwidth-0.2.5-py2.py3-none-any.whl", hash = "sha256:beb4802a9cebb9144e99086eff703a642a13d6a0052920003a230f3294bbe784"},
    {file = "wcwidth-0.2.5.tar.gz", hash = "sha256:c4d647b99872929fdb7bdcaa4fbe7f01413ed3d98077df798530e5b04f116c83"},
]
